// !$*UTF8*$!
{
	archiveVersion = 1;
	classes = {
	};
	objectVersion = 55;
	objects = {

/* Begin PBXBuildFile section */
		BDCCBA892851D3E30057989B /* AppDelegate.swift in Sources */ = {isa = PBXBuildFile; fileRef = BDCCBA882851D3E30057989B /* AppDelegate.swift */; };
		BDCCBA8B2851D3E30057989B /* SceneDelegate.swift in Sources */ = {isa = PBXBuildFile; fileRef = BDCCBA8A2851D3E30057989B /* SceneDelegate.swift */; };
		BDCCBA8D2851D3E30057989B /* ViewController.swift in Sources */ = {isa = PBXBuildFile; fileRef = BDCCBA8C2851D3E30057989B /* ViewController.swift */; };
		BDCCBA902851D3E30057989B /* Main.storyboard in Resources */ = {isa = PBXBuildFile; fileRef = BDCCBA8E2851D3E30057989B /* Main.storyboard */; };
		BDCCBA922851D3E40057989B /* Assets.xcassets in Resources */ = {isa = PBXBuildFile; fileRef = BDCCBA912851D3E40057989B /* Assets.xcassets */; };
		BDCCBA952851D3E40057989B /* LaunchScreen.storyboard in Resources */ = {isa = PBXBuildFile; fileRef = BDCCBA932851D3E40057989B /* LaunchScreen.storyboard */; };
		BDCCBA9E2851D4390057989B /* Coordinator.swift in Sources */ = {isa = PBXBuildFile; fileRef = BDCCBA9D2851D4390057989B /* Coordinator.swift */; };
		BDCCBAA02851D46F0057989B /* Storyboarded.swift in Sources */ = {isa = PBXBuildFile; fileRef = BDCCBA9F2851D46F0057989B /* Storyboarded.swift */; };
		BDCCBAA22851D6280057989B /* MainCoordinator.swift in Sources */ = {isa = PBXBuildFile; fileRef = BDCCBAA12851D6280057989B /* MainCoordinator.swift */; };
		BDCCBAA52851D9BD0057989B /* BuyViewController.swift in Sources */ = {isa = PBXBuildFile; fileRef = BDCCBAA42851D9BD0057989B /* BuyViewController.swift */; };
		BDCCBAA72851D9D50057989B /* CreateAccountViewController.swift in Sources */ = {isa = PBXBuildFile; fileRef = BDCCBAA62851D9D50057989B /* CreateAccountViewController.swift */; };
/* End PBXBuildFile section */

/* Begin PBXFileReference section */
		BDCCBA852851D3E30057989B /* CoordinatorApprHWS.app */ = {isa = PBXFileReference; explicitFileType = wrapper.application; includeInIndex = 0; path = CoordinatorApprHWS.app; sourceTree = BUILT_PRODUCTS_DIR; };
		BDCCBA882851D3E30057989B /* AppDelegate.swift */ = {isa = PBXFileReference; lastKnownFileType = sourcecode.swift; path = AppDelegate.swift; sourceTree = "<group>"; };
		BDCCBA8A2851D3E30057989B /* SceneDelegate.swift */ = {isa = PBXFileReference; lastKnownFileType = sourcecode.swift; path = SceneDelegate.swift; sourceTree = "<group>"; };
		BDCCBA8C2851D3E30057989B /* ViewController.swift */ = {isa = PBXFileReference; lastKnownFileType = sourcecode.swift; path = ViewController.swift; sourceTree = "<group>"; };
		BDCCBA8F2851D3E30057989B /* Base */ = {isa = PBXFileReference; lastKnownFileType = file.storyboard; name = Base; path = Base.lproj/Main.storyboard; sourceTree = "<group>"; };
		BDCCBA912851D3E40057989B /* Assets.xcassets */ = {isa = PBXFileReference; lastKnownFileType = folder.assetcatalog; path = Assets.xcassets; sourceTree = "<group>"; };
		BDCCBA942851D3E40057989B /* Base */ = {isa = PBXFileReference; lastKnownFileType = file.storyboard; name = Base; path = Base.lproj/LaunchScreen.storyboard; sourceTree = "<group>"; };
		BDCCBA962851D3E40057989B /* Info.plist */ = {isa = PBXFileReference; lastKnownFileType = text.plist.xml; path = Info.plist; sourceTree = "<group>"; };
		BDCCBA9D2851D4390057989B /* Coordinator.swift */ = {isa = PBXFileReference; lastKnownFileType = sourcecode.swift; path = Coordinator.swift; sourceTree = "<group>"; };
		BDCCBA9F2851D46F0057989B /* Storyboarded.swift */ = {isa = PBXFileReference; lastKnownFileType = sourcecode.swift; path = Storyboarded.swift; sourceTree = "<group>"; };
		BDCCBAA12851D6280057989B /* MainCoordinator.swift */ = {isa = PBXFileReference; lastKnownFileType = sourcecode.swift; path = MainCoordinator.swift; sourceTree = "<group>"; };
		BDCCBAA42851D9BD0057989B /* BuyViewController.swift */ = {isa = PBXFileReference; lastKnownFileType = sourcecode.swift; path = BuyViewController.swift; sourceTree = "<group>"; };
		BDCCBAA62851D9D50057989B /* CreateAccountViewController.swift */ = {isa = PBXFileReference; lastKnownFileType = sourcecode.swift; path = CreateAccountViewController.swift; sourceTree = "<group>"; };
/* End PBXFileReference section */

/* Begin PBXFrameworksBuildPhase section */
		BDCCBA822851D3E30057989B /* Frameworks */ = {
			isa = PBXFrameworksBuildPhase;
			buildActionMask = 2147483647;
			files = (
			);
			runOnlyForDeploymentPostprocessing = 0;
		};
/* End PBXFrameworksBuildPhase section */

/* Begin PBXGroup section */
		BDCCBA7C2851D3E30057989B = {
			isa = PBXGroup;
			children = (
				BDCCBA872851D3E30057989B /* CoordinatorApprHWS */,
				BDCCBA862851D3E30057989B /* Products */,
			);
			sourceTree = "<group>";
		};
		BDCCBA862851D3E30057989B /* Products */ = {
			isa = PBXGroup;
			children = (
				BDCCBA852851D3E30057989B /* CoordinatorApprHWS.app */,
			);
			name = Products;
			sourceTree = "<group>";
		};
		BDCCBA872851D3E30057989B /* CoordinatorApprHWS */ = {
			isa = PBXGroup;
			children = (
				BDCCBA882851D3E30057989B /* AppDelegate.swift */,
				BDCCBA8A2851D3E30057989B /* SceneDelegate.swift */,
				BDCCBAA32851D98D0057989B /* controllers */,
				BDCCBA9C2851D4060057989B /* coordinator */,
				BDCCBA8E2851D3E30057989B /* Main.storyboard */,
				BDCCBA912851D3E40057989B /* Assets.xcassets */,
				BDCCBA932851D3E40057989B /* LaunchScreen.storyboard */,
				BDCCBA962851D3E40057989B /* Info.plist */,
			);
			path = CoordinatorApprHWS;
			sourceTree = "<group>";
		};
		BDCCBA9C2851D4060057989B /* coordinator */ = {
			isa = PBXGroup;
			children = (
				BDCCBA9D2851D4390057989B /* Coordinator.swift */,
				BDCCBA9F2851D46F0057989B /* Storyboarded.swift */,
				BDCCBAA12851D6280057989B /* MainCoordinator.swift */,
			);
			path = coordinator;
			sourceTree = "<group>";
		};
		BDCCBAA32851D98D0057989B /* controllers */ = {
			isa = PBXGroup;
			children = (
				BDCCBA8C2851D3E30057989B /* ViewController.swift */,
				BDCCBAA42851D9BD0057989B /* BuyViewController.swift */,
				BDCCBAA62851D9D50057989B /* CreateAccountViewController.swift */,
			);
			path = controllers;
			sourceTree = "<group>";
		};
/* End PBXGroup section */

/* Begin PBXNativeTarget section */
		BDCCBA842851D3E30057989B /* CoordinatorApprHWS */ = {
			isa = PBXNativeTarget;
			buildConfigurationList = BDCCBA992851D3E40057989B /* Build configuration list for PBXNativeTarget "CoordinatorApprHWS" */;
			buildPhases = (
				BDCCBA812851D3E30057989B /* Sources */,
				BDCCBA822851D3E30057989B /* Frameworks */,
				BDCCBA832851D3E30057989B /* Resources */,
			);
			buildRules = (
			);
			dependencies = (
			);
			name = CoordinatorApprHWS;
			productName = CoordinatorApprHWS;
			productReference = BDCCBA852851D3E30057989B /* CoordinatorApprHWS.app */;
			productType = "com.apple.product-type.application";
		};
/* End PBXNativeTarget section */

/* Begin PBXProject section */
		BDCCBA7D2851D3E30057989B /* Project object */ = {
			isa = PBXProject;
			attributes = {
				BuildIndependentTargetsInParallel = 1;
				LastSwiftUpdateCheck = 1330;
				LastUpgradeCheck = 1330;
				TargetAttributes = {
					BDCCBA842851D3E30057989B = {
						CreatedOnToolsVersion = 13.3;
					};
				};
			};
			buildConfigurationList = BDCCBA802851D3E30057989B /* Build configuration list for PBXProject "CoordinatorApprHWS" */;
			compatibilityVersion = "Xcode 13.0";
			developmentRegion = en;
			hasScannedForEncodings = 0;
			knownRegions = (
				en,
				Base,
			);
			mainGroup = BDCCBA7C2851D3E30057989B;
			productRefGroup = BDCCBA862851D3E30057989B /* Products */;
			projectDirPath = "";
			projectRoot = "";
			targets = (
				BDCCBA842851D3E30057989B /* CoordinatorApprHWS */,
			);
		};
/* End PBXProject section */

/* Begin PBXResourcesBuildPhase section */
		BDCCBA832851D3E30057989B /* Resources */ = {
			isa = PBXResourcesBuildPhase;
			buildActionMask = 2147483647;
			files = (
				BDCCBA952851D3E40057989B /* LaunchScreen.storyboard in Resources */,
				BDCCBA922851D3E40057989B /* Assets.xcassets in Resources */,
				BDCCBA902851D3E30057989B /* Main.storyboard in Resources */,
			);
			runOnlyForDeploymentPostprocessing = 0;
		};
/* End PBXResourcesBuildPhase section */

/* Begin PBXSourcesBuildPhase section */
		BDCCBA812851D3E30057989B /* Sources */ = {
			isa = PBXSourcesBuildPhase;
			buildActionMask = 2147483647;
			files = (
				BDCCBA9E2851D4390057989B /* Coordinator.swift in Sources */,
				BDCCBAA22851D6280057989B /* MainCoordinator.swift in Sources */,
				BDCCBAA52851D9BD0057989B /* BuyViewController.swift in Sources */,
				BDCCBA8D2851D3E30057989B /* ViewController.swift in Sources */,
				BDCCBAA72851D9D50057989B /* CreateAccountViewController.swift in Sources */,
				BDCCBAA02851D46F0057989B /* Storyboarded.swift in Sources */,
				BDCCBA892851D3E30057989B /* AppDelegate.swift in Sources */,
				BDCCBA8B2851D3E30057989B /* SceneDelegate.swift in Sources */,
			);
			runOnlyForDeploymentPostprocessing = 0;
		};
/* End PBXSourcesBuildPhase section */

/* Begin PBXVariantGroup section */
		BDCCBA8E2851D3E30057989B /* Main.storyboard */ = {
			isa = PBXVariantGroup;
			children = (
				BDCCBA8F2851D3E30057989B /* Base */,
			);
			name = Main.storyboard;
			sourceTree = "<group>";
		};
		BDCCBA932851D3E40057989B /* LaunchScreen.storyboard */ = {
			isa = PBXVariantGroup;
			children = (
				BDCCBA942851D3E40057989B /* Base */,
			);
			name = LaunchScreen.storyboard;
			sourceTree = "<group>";
		};
/* End PBXVariantGroup section */

/* Begin XCBuildConfiguration section */
		BDCCBA972851D3E40057989B /* Debug */ = {
			isa = XCBuildConfiguration;
			buildSettings = {
				ALWAYS_SEARCH_USER_PATHS = NO;
				CLANG_ANALYZER_NONNULL = YES;
				CLANG_ANALYZER_NUMBER_OBJECT_CONVERSION = YES_AGGRESSIVE;
				CLANG_CXX_LANGUAGE_STANDARD = "gnu++17";
				CLANG_ENABLE_MODULES = YES;
				CLANG_ENABLE_OBJC_ARC = YES;
				CLANG_ENABLE_OBJC_WEAK = YES;
				CLANG_WARN_BLOCK_CAPTURE_AUTORELEASING = YES;
				CLANG_WARN_BOOL_CONVERSION = YES;
				CLANG_WARN_COMMA = YES;
				CLANG_WARN_CONSTANT_CONVERSION = YES;
				CLANG_WARN_DEPRECATED_OBJC_IMPLEMENTATIONS = YES;
				CLANG_WARN_DIRECT_OBJC_ISA_USAGE = YES_ERROR;
				CLANG_WARN_DOCUMENTATION_COMMENTS = YES;
				CLANG_WARN_EMPTY_BODY = YES;
				CLANG_WARN_ENUM_CONVERSION = YES;
				CLANG_WARN_INFINITE_RECURSION = YES;
				CLANG_WARN_INT_CONVERSION = YES;
				CLANG_WARN_NON_LITERAL_NULL_CONVERSION = YES;
				CLANG_WARN_OBJC_IMPLICIT_RETAIN_SELF = YES;
				CLANG_WARN_OBJC_LITERAL_CONVERSION = YES;
				CLANG_WARN_OBJC_ROOT_CLASS = YES_ERROR;
				CLANG_WARN_QUOTED_INCLUDE_IN_FRAMEWORK_HEADER = YES;
				CLANG_WARN_RANGE_LOOP_ANALYSIS = YES;
				CLANG_WARN_STRICT_PROTOTYPES = YES;
				CLANG_WARN_SUSPICIOUS_MOVE = YES;
				CLANG_WARN_UNGUARDED_AVAILABILITY = YES_AGGRESSIVE;
				CLANG_WARN_UNREACHABLE_CODE = YES;
				CLANG_WARN__DUPLICATE_METHOD_MATCH = YES;
				COPY_PHASE_STRIP = NO;
				DEBUG_INFORMATION_FORMAT = dwarf;
				ENABLE_STRICT_OBJC_MSGSEND = YES;
				ENABLE_TESTABILITY = YES;
				GCC_C_LANGUAGE_STANDARD = gnu11;
				GCC_DYNAMIC_NO_PIC = NO;
				GCC_NO_COMMON_BLOCKS = YES;
				GCC_OPTIMIZATION_LEVEL = 0;
				GCC_PREPROCESSOR_DEFINITIONS = (
					"DEBUG=1",
					"$(inherited)",
				);
				GCC_WARN_64_TO_32_BIT_CONVERSION = YES;
				GCC_WARN_ABOUT_RETURN_TYPE = YES_ERROR;
				GCC_WARN_UNDECLARED_SELECTOR = YES;
				GCC_WARN_UNINITIALIZED_AUTOS = YES_AGGRESSIVE;
				GCC_WARN_UNUSED_FUNCTION = YES;
				GCC_WARN_UNUSED_VARIABLE = YES;
				IPHONEOS_DEPLOYMENT_TARGET = 15.4;
				MTL_ENABLE_DEBUG_INFO = INCLUDE_SOURCE;
				MTL_FAST_MATH = YES;
				ONLY_ACTIVE_ARCH = YES;
				SDKROOT = iphoneos;
				SWIFT_ACTIVE_COMPILATION_CONDITIONS = DEBUG;
				SWIFT_OPTIMIZATION_LEVEL = "-Onone";
			};
			name = Debug;
		};
		BDCCBA982851D3E40057989B /* Release */ = {
			isa = XCBuildConfiguration;
			buildSettings = {
				ALWAYS_SEARCH_USER_PATHS = NO;
				CLANG_ANALYZER_NONNULL = YES;
				CLANG_ANALYZER_NUMBER_OBJECT_CONVERSION = YES_AGGRESSIVE;
				CLANG_CXX_LANGUAGE_STANDARD = "gnu++17";
				CLANG_ENABLE_MODULES = YES;
				CLANG_ENABLE_OBJC_ARC = YES;
				CLANG_ENABLE_OBJC_WEAK = YES;
				CLANG_WARN_BLOCK_CAPTURE_AUTORELEASING = YES;
				CLANG_WARN_BOOL_CONVERSION = YES;
				CLANG_WARN_COMMA = YES;
				CLANG_WARN_CONSTANT_CONVERSION = YES;
				CLANG_WARN_DEPRECATED_OBJC_IMPLEMENTATIONS = YES;
				CLANG_WARN_DIRECT_OBJC_ISA_USAGE = YES_ERROR;
				CLANG_WARN_DOCUMENTATION_COMMENTS = YES;
				CLANG_WARN_EMPTY_BODY = YES;
				CLANG_WARN_ENUM_CONVERSION = YES;
				CLANG_WARN_INFINITE_RECURSION = YES;
				CLANG_WARN_INT_CONVERSION = YES;
				CLANG_WARN_NON_LITERAL_NULL_CONVERSION = YES;
				CLANG_WARN_OBJC_IMPLICIT_RETAIN_SELF = YES;
				CLANG_WARN_OBJC_LITERAL_CONVERSION = YES;
				CLANG_WARN_OBJC_ROOT_CLASS = YES_ERROR;
				CLANG_WARN_QUOTED_INCLUDE_IN_FRAMEWORK_HEADER = YES;
				CLANG_WARN_RANGE_LOOP_ANALYSIS = YES;
				CLANG_WARN_STRICT_PROTOTYPES = YES;
				CLANG_WARN_SUSPICIOUS_MOVE = YES;
				CLANG_WARN_UNGUARDED_AVAILABILITY = YES_AGGRESSIVE;
				CLANG_WARN_UNREACHABLE_CODE = YES;
				CLANG_WARN__DUPLICATE_METHOD_MATCH = YES;
				COPY_PHASE_STRIP = NO;
				DEBUG_INFORMATION_FORMAT = "dwarf-with-dsym";
				ENABLE_NS_ASSERTIONS = NO;
				ENABLE_STRICT_OBJC_MSGSEND = YES;
				GCC_C_LANGUAGE_STANDARD = gnu11;
				GCC_NO_COMMON_BLOCKS = YES;
				GCC_WARN_64_TO_32_BIT_CONVERSION = YES;
				GCC_WARN_ABOUT_RETURN_TYPE = YES_ERROR;
				GCC_WARN_UNDECLARED_SELECTOR = YES;
				GCC_WARN_UNINITIALIZED_AUTOS = YES_AGGRESSIVE;
				GCC_WARN_UNUSED_FUNCTION = YES;
				GCC_WARN_UNUSED_VARIABLE = YES;
				IPHONEOS_DEPLOYMENT_TARGET = 15.4;
				MTL_ENABLE_DEBUG_INFO = NO;
				MTL_FAST_MATH = YES;
				SDKROOT = iphoneos;
				SWIFT_COMPILATION_MODE = wholemodule;
				SWIFT_OPTIMIZATION_LEVEL = "-O";
				VALIDATE_PRODUCT = YES;
			};
			name = Release;
		};
		BDCCBA9A2851D3E40057989B /* Debug */ = {
			isa = XCBuildConfiguration;
			buildSettings = {
				ASSETCATALOG_COMPILER_APPICON_NAME = AppIcon;
				ASSETCATALOG_COMPILER_GLOBAL_ACCENT_COLOR_NAME = AccentColor;
				CODE_SIGN_STYLE = Automatic;
				CURRENT_PROJECT_VERSION = 1;
				DEVELOPMENT_TEAM = YPXDVQFQ53;
				GENERATE_INFOPLIST_FILE = YES;
				INFOPLIST_FILE = CoordinatorApprHWS/Info.plist;
				INFOPLIST_KEY_UIApplicationSupportsIndirectInputEvents = YES;
				INFOPLIST_KEY_UILaunchStoryboardName = LaunchScreen;
				INFOPLIST_KEY_UISupportedInterfaceOrientations_iPad = "UIInterfaceOrientationPortrait UIInterfaceOrientationPortraitUpsideDown UIInterfaceOrientationLandscapeLeft UIInterfaceOrientationLandscapeRight";
				INFOPLIST_KEY_UISupportedInterfaceOrientations_iPhone = "UIInterfaceOrientationPortrait UIInterfaceOrientationLandscapeLeft UIInterfaceOrientationLandscapeRight";
				LD_RUNPATH_SEARCH_PATHS = (
					"$(inherited)",
					"@executable_path/Frameworks",
				);
				MARKETING_VERSION = 1.0;
				PRODUCT_BUNDLE_IDENTIFIER = fedir72.CoordinatorApprHWS;
				PRODUCT_NAME = "$(TARGET_NAME)";
				SWIFT_EMIT_LOC_STRINGS = YES;
				SWIFT_VERSION = 5.0;
				TARGETED_DEVICE_FAMILY = "1,2";
			};
			name = Debug;
		};
		BDCCBA9B2851D3E40057989B /* Release */ = {
			isa = XCBuildConfiguration;
			buildSettings = {
				ASSETCATALOG_COMPILER_APPICON_NAME = AppIcon;
				ASSETCATALOG_COMPILER_GLOBAL_ACCENT_COLOR_NAME = AccentColor;
				CODE_SIGN_STYLE = Automatic;
				CURRENT_PROJECT_VERSION = 1;
				DEVELOPMENT_TEAM = YPXDVQFQ53;
				GENERATE_INFOPLIST_FILE = YES;
				INFOPLIST_FILE = CoordinatorApprHWS/Info.plist;
				INFOPLIST_KEY_UIApplicationSupportsIndirectInputEvents = YES;
				INFOPLIST_KEY_UILaunchStoryboardName = LaunchScreen;
				INFOPLIST_KEY_UISupportedInterfaceOrientations_iPad = "UIInterfaceOrientationPortrait UIInterfaceOrientationPortraitUpsideDown UIInterfaceOrientationLandscapeLeft UIInterfaceOrientationLandscapeRight";
				INFOPLIST_KEY_UISupportedInterfaceOrientations_iPhone = "UIInterfaceOrientationPortrait UIInterfaceOrientationLandscapeLeft UIInterfaceOrientationLandscapeRight";
				LD_RUNPATH_SEARCH_PATHS = (
					"$(inherited)",
					"@executable_path/Frameworks",
				);
				MARKETING_VERSION = 1.0;
				PRODUCT_BUNDLE_IDENTIFIER = fedir72.CoordinatorApprHWS;
				PRODUCT_NAME = "$(TARGET_NAME)";
				SWIFT_EMIT_LOC_STRINGS = YES;
				SWIFT_VERSION = 5.0;
				TARGETED_DEVICE_FAMILY = "1,2";
			};
			name = Release;
		};
/* End XCBuildConfiguration section */

/* Begin XCConfigurationList section */
		BDCCBA802851D3E30057989B /* Build configuration list for PBXProject "CoordinatorApprHWS" */ = {
			isa = XCConfigurationList;
			buildConfigurations = (
				BDCCBA972851D3E40057989B /* Debug */,
				BDCCBA982851D3E40057989B /* Release */,
			);
			defaultConfigurationIsVisible = 0;
			defaultConfigurationName = Release;
		};
		BDCCBA992851D3E40057989B /* Build configuration list for PBXNativeTarget "CoordinatorApprHWS" */ = {
			isa = XCConfigurationList;
			buildConfigurations = (
				BDCCBA9A2851D3E40057989B /* Debug */,
				BDCCBA9B2851D3E40057989B /* Release */,
			);
			defaultConfigurationIsVisible = 0;
			defaultConfigurationName = Release;
		};
/* End XCConfigurationList section */
	};
	rootObject = BDCCBA7D2851D3E30057989B /* Project object */;
}
